<?xml version="1.0" encoding="utf-8"?>
<Project ToolsVersion="4.0" xmlns="http://schemas.microsoft.com/developer/msbuild/2003">
  <ItemGroup>
    <Filter Include="源文件">
      <UniqueIdentifier>{4FC737F1-C7A5-4376-A066-2A32D752A2FF}</UniqueIdentifier>
      <Extensions>cpp;c;cc;cxx;def;odl;idl;hpj;bat;asm;asmx</Extensions>
    </Filter>
    <Filter Include="头文件">
      <UniqueIdentifier>{93995380-89BD-4b04-88EB-625FBE52EBFB}</UniqueIdentifier>
      <Extensions>h;hh;hpp;hxx;hm;inl;inc;xsd</Extensions>
    </Filter>
    <Filter Include="资源文件">
      <UniqueIdentifier>{67DA6AB6-F800-4c08-8B7A-83BB121AAD01}</UniqueIdentifier>
      <Extensions>rc;ico;cur;bmp;dlg;rc2;rct;bin;rgs;gif;jpg;jpeg;jpe;resx;tiff;tif;png;wav;mfcribbon-ms</Extensions>
    </Filter>
    <Filter Include="Math">
      <UniqueIdentifier>{2930c21f-7f52-4965-a2c1-51feb1b9f99f}</UniqueIdentifier>
    </Filter>
    <Filter Include="Math\header">
      <UniqueIdentifier>{e65732a3-d2b8-4392-b215-58b0f1eb76dd}</UniqueIdentifier>
    </Filter>
    <Filter Include="Math\source">
      <UniqueIdentifier>{3e4070d3-1a9d-4ec3-96a3-32c5c2436c0e}</UniqueIdentifier>
    </Filter>
    <Filter Include="Glee">
      <UniqueIdentifier>{25719adf-defd-48b9-aa6b-a55a9d8a2c00}</UniqueIdentifier>
    </Filter>
  </ItemGroup>
  <ItemGroup>
    <ClCompile Include="objload.cpp">
      <Filter>源文件</Filter>
    </ClCompile>
    <ClCompile Include="main.cpp">
      <Filter>源文件</Filter>
    </ClCompile>
    <ClCompile Include="sphere.cpp">
      <Filter>源文件</Filter>
    </ClCompile>
    <ClCompile Include="texture.cpp">
      <Filter>源文件</Filter>
    </ClCompile>
    <ClCompile Include="lightandshadow.cpp">
      <Filter>源文件</Filter>
    </ClCompile>
    <ClCompile Include="scene.cpp">
      <Filter>源文件</Filter>
    </ClCompile>
    <ClCompile Include="Maths\MATRIX4X4.cpp">
      <Filter>Math\source</Filter>
    </ClCompile>
    <ClCompile Include="Maths\PLANE.cpp">
      <Filter>Math\source</Filter>
    </ClCompile>
    <ClCompile Include="Maths\COLOR.cpp">
      <Filter>Math\source</Filter>
    </ClCompile>
    <ClCompile Include="Maths\VECTOR2D.cpp">
      <Filter>Math\source</Filter>
    </ClCompile>
    <ClCompile Include="Maths\VECTOR3D.cpp">
      <Filter>Math\source</Filter>
    </ClCompile>
    <ClCompile Include="Maths\VECTOR4D.cpp">
      <Filter>Math\source</Filter>
    </ClCompile>
    <ClCompile Include="Glee\GLee.c">
      <Filter>Glee</Filter>
    </ClCompile>
    <ClCompile Include="MoveAndHit.cpp">
      <Filter>源文件</Filter>
    </ClCompile>
    <ClCompile Include="Objects.cpp">
      <Filter>源文件</Filter>
    </ClCompile>
  </ItemGroup>
  <ItemGroup>
    <ClInclude Include="objload.h">
      <Filter>头文件</Filter>
    </ClInclude>
    <ClInclude Include="sphere.h">
      <Filter>头文件</Filter>
    </ClInclude>
    <ClInclude Include="texture.h">
      <Filter>头文件</Filter>
    </ClInclude>
    <ClInclude Include="lightandshadow.h">
      <Filter>头文件</Filter>
    </ClInclude>
    <ClInclude Include="scene.h">
      <Filter>头文件</Filter>
    </ClInclude>
    <ClInclude Include="Maths\Maths.h">
      <Filter>Math</Filter>
    </ClInclude>
    <ClInclude Include="Maths\MATRIX4X4.h">
      <Filter>Math\header</Filter>
    </ClInclude>
    <ClInclude Include="Maths\COLOR.h">
      <Filter>Math\header</Filter>
    </ClInclude>
    <ClInclude Include="Maths\VECTOR2D.h">
      <Filter>Math\header</Filter>
    </ClInclude>
    <ClInclude Include="Maths\VECTOR3D.h">
      <Filter>Math\header</Filter>
    </ClInclude>
    <ClInclude Include="Maths\VECTOR4D.h">
      <Filter>Math\header</Filter>
    </ClInclude>
    <ClInclude Include="Maths\PLANE.h">
      <Filter>Math\header</Filter>
    </ClInclude>
    <ClInclude Include="Glee\GLee.h">
      <Filter>Glee</Filter>
    </ClInclude>
    <ClInclude Include="MoveAndHit.h">
      <Filter>头文件</Filter>
    </ClInclude>
    <ClInclude Include="Objects.h">
      <Filter>头文件</Filter>
    </ClInclude>
  </ItemGroup>
</Project>